
Microsoft Visual Studio Solution File, Format Version 12.00
# Visual Studio 14
VisualStudioVersion = 14.0.25420.1
MinimumVisualStudioVersion = 10.0.40219.1
Project("{FAE04EC0-301F-11D3-BF4B-00C04F79EFBC}") = "ConsApplMosh1", "ConsApplMosh1\ConsApplMosh1.csproj", "{A3D3A4A1-5F3F-49E1-89EA-3E5DBC88FD7E}"
EndProject
Project("{2150E333-8FDC-42A3-9474-1A3956D46DE8}") = "Solution Items", "Solution Items", "{D2D3AA62-AFE0-4F31-838B-59BD0EBBE0BA}"
EndProject
Project("{FAE04EC0-301F-11D3-BF4B-00C04F79EFBC}") = "EventsAndDelegates", "EventsAndDelegates\EventsAndDelegates.csproj", "{A756902A-E564-42FB-B48B-DFEDA04916F2}"
EndProject
Project("{FAE04EC0-301F-11D3-BF4B-00C04F79EFBC}") = "CsharpFundamentals", "OperatorsAndMore\CsharpFundamentals.csproj", "{CE515556-3D23-4CF5-ABD9-FCE1725EFD1E}"
EndProject
Global
	GlobalSection(SolutionConfigurationPlatforms) = preSolution
		Debug|Any CPU = Debug|Any CPU
		Release|Any CPU = Release|Any CPU
	EndGlobalSection
	GlobalSection(ProjectConfigurationPlatforms) = postSolution
		{A3D3A4A1-5F3F-49E1-89EA-3E5DBC88FD7E}.Debug|Any CPU.ActiveCfg = Debug|Any CPU
		{A3D3A4A1-5F3F-49E1-89EA-3E5DBC88FD7E}.Debug|Any CPU.Build.0 = Debug|Any CPU
		{A3D3A4A1-5F3F-49E1-89EA-3E5DBC88FD7E}.Release|Any CPU.ActiveCfg = Release|Any CPU
		{A3D3A4A1-5F3F-49E1-89EA-3E5DBC88FD7E}.Release|Any CPU.Build.0 = Release|Any CPU
		{A756902A-E564-42FB-B48B-DFEDA04916F2}.Debug|Any CPU.ActiveCfg = Debug|Any CPU
		{A756902A-E564-42FB-B48B-DFEDA04916F2}.Debug|Any CPU.Build.0 = Debug|Any CPU
		{A756902A-E564-42FB-B48B-DFEDA04916F2}.Release|Any CPU.ActiveCfg = Release|Any CPU
		{A756902A-E564-42FB-B48B-DFEDA04916F2}.Release|Any CPU.Build.0 = Release|Any CPU
		{CE515556-3D23-4CF5-ABD9-FCE1725EFD1E}.Debug|Any CPU.ActiveCfg = Debug|Any CPU
		{CE515556-3D23-4CF5-ABD9-FCE1725EFD1E}.Debug|Any CPU.Build.0 = Debug|Any CPU
		{CE515556-3D23-4CF5-ABD9-FCE1725EFD1E}.Release|Any CPU.ActiveCfg = Release|Any CPU
		{CE515556-3D23-4CF5-ABD9-FCE1725EFD1E}.Release|Any CPU.Build.0 = Release|Any CPU
	EndGlobalSection
	GlobalSection(SolutionProperties) = preSolution
		HideSolutionNode = FALSE
	EndGlobalSection
	GlobalSection(ExtensibilityGlobals) = postSolution
		VisualSVNWorkingCopyRoot = .
	EndGlobalSection
EndGlobal
